
Microsoft Visual Studio Solution File, Format Version 12.00
# Visual Studio 14
VisualStudioVersion = 14.0.25420.1
MinimumVisualStudioVersion = 10.0.40219.1
Project("{FAE04EC0-301F-11D3-BF4B-00C04F79EFBC}") = "AppStoreLink", "..\AppStoreLink\AppStoreLink.csproj", "{43F87809-A76E-4429-B342-FBB456CE8E65}"
EndProject
Project("{FAE04EC0-301F-11D3-BF4B-00C04F79EFBC}") = "AppStoreLink.iOS", "AppStoreLink.iOS\AppStoreLink.iOS.csproj", "{05A3951A-4A50-47C0-97CC-ADCC729ECF34}"
EndProject
Project("{FAE04EC0-301F-11D3-BF4B-00C04F79EFBC}") = "AppStoreLink.Android", "AppStoreLink.Android\AppStoreLink.Android.csproj", "{78BA2882-2D15-4673-BFBC-BC9DF3DEE147}"
EndProject
Project("{FAE04EC0-301F-11D3-BF4B-00C04F79EFBC}") = "AppStoreLink.Interface", "AppStoreLink.Interface\AppStoreLink.Interface.csproj", "{0DE81F76-3B35-4208-AE99-7711C0B2E66D}"
EndProject
Project("{D954291E-2A0B-460D-934E-DC6B0785DB48}") = "AppStoreLink.Shared", "AppStoreLink.Shared\AppStoreLink.Shared.shproj", "{5AD31CAE-C1EB-4F59-AF28-5F6AD42303F6}"
EndProject
Global
	GlobalSection(SharedMSBuildProjectFiles) = preSolution
		AppStoreLink.Shared\AppStoreLink.Shared.projitems*{5ad31cae-c1eb-4f59-af28-5f6ad42303f6}*SharedItemsImports = 13
	EndGlobalSection
	GlobalSection(SolutionConfigurationPlatforms) = preSolution
		Debug|Any CPU = Debug|Any CPU
		Release|Any CPU = Release|Any CPU
	EndGlobalSection
	GlobalSection(ProjectConfigurationPlatforms) = postSolution
		{43F87809-A76E-4429-B342-FBB456CE8E65}.Debug|Any CPU.ActiveCfg = Debug|Any CPU
		{43F87809-A76E-4429-B342-FBB456CE8E65}.Debug|Any CPU.Build.0 = Debug|Any CPU
		{43F87809-A76E-4429-B342-FBB456CE8E65}.Release|Any CPU.ActiveCfg = Release|Any CPU
		{43F87809-A76E-4429-B342-FBB456CE8E65}.Release|Any CPU.Build.0 = Release|Any CPU
		{05A3951A-4A50-47C0-97CC-ADCC729ECF34}.Debug|Any CPU.ActiveCfg = Debug|Any CPU
		{05A3951A-4A50-47C0-97CC-ADCC729ECF34}.Debug|Any CPU.Build.0 = Debug|Any CPU
		{05A3951A-4A50-47C0-97CC-ADCC729ECF34}.Release|Any CPU.ActiveCfg = Release|Any CPU
		{05A3951A-4A50-47C0-97CC-ADCC729ECF34}.Release|Any CPU.Build.0 = Release|Any CPU
		{78BA2882-2D15-4673-BFBC-BC9DF3DEE147}.Debug|Any CPU.ActiveCfg = Debug|Any CPU
		{78BA2882-2D15-4673-BFBC-BC9DF3DEE147}.Debug|Any CPU.Build.0 = Debug|Any CPU
		{78BA2882-2D15-4673-BFBC-BC9DF3DEE147}.Release|Any CPU.ActiveCfg = Release|Any CPU
		{78BA2882-2D15-4673-BFBC-BC9DF3DEE147}.Release|Any CPU.Build.0 = Release|Any CPU
		{0DE81F76-3B35-4208-AE99-7711C0B2E66D}.Debug|Any CPU.ActiveCfg = Debug|Any CPU
		{0DE81F76-3B35-4208-AE99-7711C0B2E66D}.Debug|Any CPU.Build.0 = Debug|Any CPU
		{0DE81F76-3B35-4208-AE99-7711C0B2E66D}.Release|Any CPU.ActiveCfg = Release|Any CPU
		{0DE81F76-3B35-4208-AE99-7711C0B2E66D}.Release|Any CPU.Build.0 = Release|Any CPU
	EndGlobalSection
	GlobalSection(SolutionProperties) = preSolution
		HideSolutionNode = FALSE
	EndGlobalSection
EndGlobal
