
Microsoft Visual Studio Solution File, Format Version 12.00
# Visual Studio 14
VisualStudioVersion = 14.0.25420.1
MinimumVisualStudioVersion = 10.0.40219.1
Project("{FAE04EC0-301F-11D3-BF4B-00C04F79EFBC}") = "AppStoreLink.iOS", "AppStoreLink.iOS\AppStoreLink.iOS.csproj", "{05A3951A-4A50-47C0-97CC-ADCC729ECF34}"
EndProject
Project("{FAE04EC0-301F-11D3-BF4B-00C04F79EFBC}") = "AppStoreLink.Android", "AppStoreLink.Android\AppStoreLink.Android.csproj", "{78BA2882-2D15-4673-BFBC-BC9DF3DEE147}"
EndProject
Project("{FAE04EC0-301F-11D3-BF4B-00C04F79EFBC}") = "AppStoreLink.Interface", "AppStoreLink.Interface\AppStoreLink.Interface.csproj", "{0DE81F76-3B35-4208-AE99-7711C0B2E66D}"
EndProject
Project("{D954291E-2A0B-460D-934E-DC6B0785DB48}") = "AppStoreLink.Shared", "AppStoreLink.Shared\AppStoreLink.Shared.shproj", "{5AD31CAE-C1EB-4F59-AF28-5F6AD42303F6}"
EndProject
Project("{2150E333-8FDC-42A3-9474-1A3956D46DE8}") = "Sample", "Sample", "{63698DB8-8DBA-4BC5-A847-4E9DB37DF8F0}"
EndProject
Project("{FAE04EC0-301F-11D3-BF4B-00C04F79EFBC}") = "SampleApp", "Sample\SampleApp\SampleApp\SampleApp.csproj", "{EDE236F2-D2A6-4B03-AF1E-B31F898E6374}"
EndProject
Project("{FAE04EC0-301F-11D3-BF4B-00C04F79EFBC}") = "SampleApp.Droid", "Sample\SampleApp\SampleApp.Droid\SampleApp.Droid.csproj", "{273475C5-A204-4143-8DBC-9777A17CF045}"
EndProject
Project("{FAE04EC0-301F-11D3-BF4B-00C04F79EFBC}") = "SampleApp.iOS", "Sample\SampleApp\SampleApp.iOS\SampleApp.iOS.csproj", "{C68DAAA6-38A4-4351-A728-277A027DBD47}"
EndProject
Project("{FAE04EC0-301F-11D3-BF4B-00C04F79EFBC}") = "SampleApp.WinPhone", "Sample\SampleApp\SampleApp.WinPhone\SampleApp.WinPhone.csproj", "{1F6B532A-7E1B-4C9B-A72D-044FBBEDD61C}"
EndProject
Project("{FAE04EC0-301F-11D3-BF4B-00C04F79EFBC}") = "SampleApp.UWP", "Sample\SampleApp\SampleApp.UWP\SampleApp.UWP.csproj", "{177EDBC3-718C-4416-B205-0CEE33EB6205}"
EndProject
Project("{FAE04EC0-301F-11D3-BF4B-00C04F79EFBC}") = "SampleApp.Windows", "Sample\SampleApp\SampleApp.Windows\SampleApp.Windows.csproj", "{71CC9C28-22B4-41BD-9F3A-879211B73520}"
EndProject
Project("{FAE04EC0-301F-11D3-BF4B-00C04F79EFBC}") = "AppStoreLink", "AppStoreLink\AppStoreLink.csproj", "{43F87809-A76E-4429-B342-FBB456CE8E65}"
EndProject
Project("{2150E333-8FDC-42A3-9474-1A3956D46DE8}") = "nuspec", "nuspec", "{94E20BA1-2031-41AD-AF52-F6926E5B38B1}"
	ProjectSection(SolutionItems) = preProject
		nuspec\Mj.AppStoreLink.nuspec = nuspec\Mj.AppStoreLink.nuspec
		nuspec\pack.cmd = nuspec\pack.cmd
		nuspec\push.cmd = nuspec\push.cmd
	EndProjectSection
EndProject
Global
	GlobalSection(SharedMSBuildProjectFiles) = preSolution
		AppStoreLink.Shared\AppStoreLink.Shared.projitems*{05a3951a-4a50-47c0-97cc-adcc729ecf34}*SharedItemsImports = 4
		AppStoreLink.Shared\AppStoreLink.Shared.projitems*{43f87809-a76e-4429-b342-fbb456ce8e65}*SharedItemsImports = 4
		AppStoreLink.Shared\AppStoreLink.Shared.projitems*{5ad31cae-c1eb-4f59-af28-5f6ad42303f6}*SharedItemsImports = 13
		AppStoreLink.Shared\AppStoreLink.Shared.projitems*{78ba2882-2d15-4673-bfbc-bc9df3dee147}*SharedItemsImports = 4
	EndGlobalSection
	GlobalSection(SolutionConfigurationPlatforms) = preSolution
		Ad-Hoc|Any CPU = Ad-Hoc|Any CPU
		Ad-Hoc|ARM = Ad-Hoc|ARM
		Ad-Hoc|iPhone = Ad-Hoc|iPhone
		Ad-Hoc|iPhoneSimulator = Ad-Hoc|iPhoneSimulator
		Ad-Hoc|x64 = Ad-Hoc|x64
		Ad-Hoc|x86 = Ad-Hoc|x86
		AppStore|Any CPU = AppStore|Any CPU
		AppStore|ARM = AppStore|ARM
		AppStore|iPhone = AppStore|iPhone
		AppStore|iPhoneSimulator = AppStore|iPhoneSimulator
		AppStore|x64 = AppStore|x64
		AppStore|x86 = AppStore|x86
		Debug|Any CPU = Debug|Any CPU
		Debug|ARM = Debug|ARM
		Debug|iPhone = Debug|iPhone
		Debug|iPhoneSimulator = Debug|iPhoneSimulator
		Debug|x64 = Debug|x64
		Debug|x86 = Debug|x86
		Release|Any CPU = Release|Any CPU
		Release|ARM = Release|ARM
		Release|iPhone = Release|iPhone
		Release|iPhoneSimulator = Release|iPhoneSimulator
		Release|x64 = Release|x64
		Release|x86 = Release|x86
	EndGlobalSection
	GlobalSection(ProjectConfigurationPlatforms) = postSolution
		{05A3951A-4A50-47C0-97CC-ADCC729ECF34}.Ad-Hoc|Any CPU.ActiveCfg = Release|Any CPU
		{05A3951A-4A50-47C0-97CC-ADCC729ECF34}.Ad-Hoc|Any CPU.Build.0 = Release|Any CPU
		{05A3951A-4A50-47C0-97CC-ADCC729ECF34}.Ad-Hoc|ARM.ActiveCfg = Release|Any CPU
		{05A3951A-4A50-47C0-97CC-ADCC729ECF34}.Ad-Hoc|ARM.Build.0 = Release|Any CPU
		{05A3951A-4A50-47C0-97CC-ADCC729ECF34}.Ad-Hoc|iPhone.ActiveCfg = Release|Any CPU
		{05A3951A-4A50-47C0-97CC-ADCC729ECF34}.Ad-Hoc|iPhone.Build.0 = Release|Any CPU
		{05A3951A-4A50-47C0-97CC-ADCC729ECF34}.Ad-Hoc|iPhoneSimulator.ActiveCfg = Release|Any CPU
		{05A3951A-4A50-47C0-97CC-ADCC729ECF34}.Ad-Hoc|iPhoneSimulator.Build.0 = Release|Any CPU
		{05A3951A-4A50-47C0-97CC-ADCC729ECF34}.Ad-Hoc|x64.ActiveCfg = Release|Any CPU
		{05A3951A-4A50-47C0-97CC-ADCC729ECF34}.Ad-Hoc|x64.Build.0 = Release|Any CPU
		{05A3951A-4A50-47C0-97CC-ADCC729ECF34}.Ad-Hoc|x86.ActiveCfg = Release|Any CPU
		{05A3951A-4A50-47C0-97CC-ADCC729ECF34}.Ad-Hoc|x86.Build.0 = Release|Any CPU
		{05A3951A-4A50-47C0-97CC-ADCC729ECF34}.AppStore|Any CPU.ActiveCfg = Release|Any CPU
		{05A3951A-4A50-47C0-97CC-ADCC729ECF34}.AppStore|Any CPU.Build.0 = Release|Any CPU
		{05A3951A-4A50-47C0-97CC-ADCC729ECF34}.AppStore|ARM.ActiveCfg = Release|Any CPU
		{05A3951A-4A50-47C0-97CC-ADCC729ECF34}.AppStore|ARM.Build.0 = Release|Any CPU
		{05A3951A-4A50-47C0-97CC-ADCC729ECF34}.AppStore|iPhone.ActiveCfg = Release|Any CPU
		{05A3951A-4A50-47C0-97CC-ADCC729ECF34}.AppStore|iPhone.Build.0 = Release|Any CPU
		{05A3951A-4A50-47C0-97CC-ADCC729ECF34}.AppStore|iPhoneSimulator.ActiveCfg = Release|Any CPU
		{05A3951A-4A50-47C0-97CC-ADCC729ECF34}.AppStore|iPhoneSimulator.Build.0 = Release|Any CPU
		{05A3951A-4A50-47C0-97CC-ADCC729ECF34}.AppStore|x64.ActiveCfg = Release|Any CPU
		{05A3951A-4A50-47C0-97CC-ADCC729ECF34}.AppStore|x64.Build.0 = Release|Any CPU
		{05A3951A-4A50-47C0-97CC-ADCC729ECF34}.AppStore|x86.ActiveCfg = Release|Any CPU
		{05A3951A-4A50-47C0-97CC-ADCC729ECF34}.AppStore|x86.Build.0 = Release|Any CPU
		{05A3951A-4A50-47C0-97CC-ADCC729ECF34}.Debug|Any CPU.ActiveCfg = Debug|Any CPU
		{05A3951A-4A50-47C0-97CC-ADCC729ECF34}.Debug|Any CPU.Build.0 = Debug|Any CPU
		{05A3951A-4A50-47C0-97CC-ADCC729ECF34}.Debug|ARM.ActiveCfg = Debug|Any CPU
		{05A3951A-4A50-47C0-97CC-ADCC729ECF34}.Debug|ARM.Build.0 = Debug|Any CPU
		{05A3951A-4A50-47C0-97CC-ADCC729ECF34}.Debug|iPhone.ActiveCfg = Debug|Any CPU
		{05A3951A-4A50-47C0-97CC-ADCC729ECF34}.Debug|iPhone.Build.0 = Debug|Any CPU
		{05A3951A-4A50-47C0-97CC-ADCC729ECF34}.Debug|iPhoneSimulator.ActiveCfg = Debug|Any CPU
		{05A3951A-4A50-47C0-97CC-ADCC729ECF34}.Debug|iPhoneSimulator.Build.0 = Debug|Any CPU
		{05A3951A-4A50-47C0-97CC-ADCC729ECF34}.Debug|x64.ActiveCfg = Debug|Any CPU
		{05A3951A-4A50-47C0-97CC-ADCC729ECF34}.Debug|x64.Build.0 = Debug|Any CPU
		{05A3951A-4A50-47C0-97CC-ADCC729ECF34}.Debug|x86.ActiveCfg = Debug|Any CPU
		{05A3951A-4A50-47C0-97CC-ADCC729ECF34}.Debug|x86.Build.0 = Debug|Any CPU
		{05A3951A-4A50-47C0-97CC-ADCC729ECF34}.Release|Any CPU.ActiveCfg = Release|Any CPU
		{05A3951A-4A50-47C0-97CC-ADCC729ECF34}.Release|Any CPU.Build.0 = Release|Any CPU
		{05A3951A-4A50-47C0-97CC-ADCC729ECF34}.Release|ARM.ActiveCfg = Release|Any CPU
		{05A3951A-4A50-47C0-97CC-ADCC729ECF34}.Release|ARM.Build.0 = Release|Any CPU
		{05A3951A-4A50-47C0-97CC-ADCC729ECF34}.Release|iPhone.ActiveCfg = Release|Any CPU
		{05A3951A-4A50-47C0-97CC-ADCC729ECF34}.Release|iPhone.Build.0 = Release|Any CPU
		{05A3951A-4A50-47C0-97CC-ADCC729ECF34}.Release|iPhoneSimulator.ActiveCfg = Release|Any CPU
		{05A3951A-4A50-47C0-97CC-ADCC729ECF34}.Release|iPhoneSimulator.Build.0 = Release|Any CPU
		{05A3951A-4A50-47C0-97CC-ADCC729ECF34}.Release|x64.ActiveCfg = Release|Any CPU
		{05A3951A-4A50-47C0-97CC-ADCC729ECF34}.Release|x64.Build.0 = Release|Any CPU
		{05A3951A-4A50-47C0-97CC-ADCC729ECF34}.Release|x86.ActiveCfg = Release|Any CPU
		{05A3951A-4A50-47C0-97CC-ADCC729ECF34}.Release|x86.Build.0 = Release|Any CPU
		{78BA2882-2D15-4673-BFBC-BC9DF3DEE147}.Ad-Hoc|Any CPU.ActiveCfg = Release|Any CPU
		{78BA2882-2D15-4673-BFBC-BC9DF3DEE147}.Ad-Hoc|Any CPU.Build.0 = Release|Any CPU
		{78BA2882-2D15-4673-BFBC-BC9DF3DEE147}.Ad-Hoc|ARM.ActiveCfg = Release|Any CPU
		{78BA2882-2D15-4673-BFBC-BC9DF3DEE147}.Ad-Hoc|ARM.Build.0 = Release|Any CPU
		{78BA2882-2D15-4673-BFBC-BC9DF3DEE147}.Ad-Hoc|iPhone.ActiveCfg = Release|Any CPU
		{78BA2882-2D15-4673-BFBC-BC9DF3DEE147}.Ad-Hoc|iPhone.Build.0 = Release|Any CPU
		{78BA2882-2D15-4673-BFBC-BC9DF3DEE147}.Ad-Hoc|iPhoneSimulator.ActiveCfg = Release|Any CPU
		{78BA2882-2D15-4673-BFBC-BC9DF3DEE147}.Ad-Hoc|iPhoneSimulator.Build.0 = Release|Any CPU
		{78BA2882-2D15-4673-BFBC-BC9DF3DEE147}.Ad-Hoc|x64.ActiveCfg = Release|Any CPU
		{78BA2882-2D15-4673-BFBC-BC9DF3DEE147}.Ad-Hoc|x64.Build.0 = Release|Any CPU
		{78BA2882-2D15-4673-BFBC-BC9DF3DEE147}.Ad-Hoc|x86.ActiveCfg = Release|Any CPU
		{78BA2882-2D15-4673-BFBC-BC9DF3DEE147}.Ad-Hoc|x86.Build.0 = Release|Any CPU
		{78BA2882-2D15-4673-BFBC-BC9DF3DEE147}.AppStore|Any CPU.ActiveCfg = Release|Any CPU
		{78BA2882-2D15-4673-BFBC-BC9DF3DEE147}.AppStore|Any CPU.Build.0 = Release|Any CPU
		{78BA2882-2D15-4673-BFBC-BC9DF3DEE147}.AppStore|ARM.ActiveCfg = Release|Any CPU
		{78BA2882-2D15-4673-BFBC-BC9DF3DEE147}.AppStore|ARM.Build.0 = Release|Any CPU
		{78BA2882-2D15-4673-BFBC-BC9DF3DEE147}.AppStore|iPhone.ActiveCfg = Release|Any CPU
		{78BA2882-2D15-4673-BFBC-BC9DF3DEE147}.AppStore|iPhone.Build.0 = Release|Any CPU
		{78BA2882-2D15-4673-BFBC-BC9DF3DEE147}.AppStore|iPhoneSimulator.ActiveCfg = Release|Any CPU
		{78BA2882-2D15-4673-BFBC-BC9DF3DEE147}.AppStore|iPhoneSimulator.Build.0 = Release|Any CPU
		{78BA2882-2D15-4673-BFBC-BC9DF3DEE147}.AppStore|x64.ActiveCfg = Release|Any CPU
		{78BA2882-2D15-4673-BFBC-BC9DF3DEE147}.AppStore|x64.Build.0 = Release|Any CPU
		{78BA2882-2D15-4673-BFBC-BC9DF3DEE147}.AppStore|x86.ActiveCfg = Release|Any CPU
		{78BA2882-2D15-4673-BFBC-BC9DF3DEE147}.AppStore|x86.Build.0 = Release|Any CPU
		{78BA2882-2D15-4673-BFBC-BC9DF3DEE147}.Debug|Any CPU.ActiveCfg = Debug|Any CPU
		{78BA2882-2D15-4673-BFBC-BC9DF3DEE147}.Debug|Any CPU.Build.0 = Debug|Any CPU
		{78BA2882-2D15-4673-BFBC-BC9DF3DEE147}.Debug|ARM.ActiveCfg = Debug|Any CPU
		{78BA2882-2D15-4673-BFBC-BC9DF3DEE147}.Debug|ARM.Build.0 = Debug|Any CPU
		{78BA2882-2D15-4673-BFBC-BC9DF3DEE147}.Debug|iPhone.ActiveCfg = Debug|Any CPU
		{78BA2882-2D15-4673-BFBC-BC9DF3DEE147}.Debug|iPhone.Build.0 = Debug|Any CPU
		{78BA2882-2D15-4673-BFBC-BC9DF3DEE147}.Debug|iPhoneSimulator.ActiveCfg = Debug|Any CPU
		{78BA2882-2D15-4673-BFBC-BC9DF3DEE147}.Debug|iPhoneSimulator.Build.0 = Debug|Any CPU
		{78BA2882-2D15-4673-BFBC-BC9DF3DEE147}.Debug|x64.ActiveCfg = Debug|Any CPU
		{78BA2882-2D15-4673-BFBC-BC9DF3DEE147}.Debug|x64.Build.0 = Debug|Any CPU
		{78BA2882-2D15-4673-BFBC-BC9DF3DEE147}.Debug|x86.ActiveCfg = Debug|Any CPU
		{78BA2882-2D15-4673-BFBC-BC9DF3DEE147}.Debug|x86.Build.0 = Debug|Any CPU
		{78BA2882-2D15-4673-BFBC-BC9DF3DEE147}.Release|Any CPU.ActiveCfg = Release|Any CPU
		{78BA2882-2D15-4673-BFBC-BC9DF3DEE147}.Release|Any CPU.Build.0 = Release|Any CPU
		{78BA2882-2D15-4673-BFBC-BC9DF3DEE147}.Release|ARM.ActiveCfg = Release|Any CPU
		{78BA2882-2D15-4673-BFBC-BC9DF3DEE147}.Release|ARM.Build.0 = Release|Any CPU
		{78BA2882-2D15-4673-BFBC-BC9DF3DEE147}.Release|iPhone.ActiveCfg = Release|Any CPU
		{78BA2882-2D15-4673-BFBC-BC9DF3DEE147}.Release|iPhone.Build.0 = Release|Any CPU
		{78BA2882-2D15-4673-BFBC-BC9DF3DEE147}.Release|iPhoneSimulator.ActiveCfg = Release|Any CPU
		{78BA2882-2D15-4673-BFBC-BC9DF3DEE147}.Release|iPhoneSimulator.Build.0 = Release|Any CPU
		{78BA2882-2D15-4673-BFBC-BC9DF3DEE147}.Release|x64.ActiveCfg = Release|Any CPU
		{78BA2882-2D15-4673-BFBC-BC9DF3DEE147}.Release|x64.Build.0 = Release|Any CPU
		{78BA2882-2D15-4673-BFBC-BC9DF3DEE147}.Release|x86.ActiveCfg = Release|Any CPU
		{78BA2882-2D15-4673-BFBC-BC9DF3DEE147}.Release|x86.Build.0 = Release|Any CPU
		{0DE81F76-3B35-4208-AE99-7711C0B2E66D}.Ad-Hoc|Any CPU.ActiveCfg = Release|Any CPU
		{0DE81F76-3B35-4208-AE99-7711C0B2E66D}.Ad-Hoc|Any CPU.Build.0 = Release|Any CPU
		{0DE81F76-3B35-4208-AE99-7711C0B2E66D}.Ad-Hoc|ARM.ActiveCfg = Release|Any CPU
		{0DE81F76-3B35-4208-AE99-7711C0B2E66D}.Ad-Hoc|ARM.Build.0 = Release|Any CPU
		{0DE81F76-3B35-4208-AE99-7711C0B2E66D}.Ad-Hoc|iPhone.ActiveCfg = Release|Any CPU
		{0DE81F76-3B35-4208-AE99-7711C0B2E66D}.Ad-Hoc|iPhone.Build.0 = Release|Any CPU
		{0DE81F76-3B35-4208-AE99-7711C0B2E66D}.Ad-Hoc|iPhoneSimulator.ActiveCfg = Release|Any CPU
		{0DE81F76-3B35-4208-AE99-7711C0B2E66D}.Ad-Hoc|iPhoneSimulator.Build.0 = Release|Any CPU
		{0DE81F76-3B35-4208-AE99-7711C0B2E66D}.Ad-Hoc|x64.ActiveCfg = Release|Any CPU
		{0DE81F76-3B35-4208-AE99-7711C0B2E66D}.Ad-Hoc|x64.Build.0 = Release|Any CPU
		{0DE81F76-3B35-4208-AE99-7711C0B2E66D}.Ad-Hoc|x86.ActiveCfg = Release|Any CPU
		{0DE81F76-3B35-4208-AE99-7711C0B2E66D}.Ad-Hoc|x86.Build.0 = Release|Any CPU
		{0DE81F76-3B35-4208-AE99-7711C0B2E66D}.AppStore|Any CPU.ActiveCfg = Release|Any CPU
		{0DE81F76-3B35-4208-AE99-7711C0B2E66D}.AppStore|Any CPU.Build.0 = Release|Any CPU
		{0DE81F76-3B35-4208-AE99-7711C0B2E66D}.AppStore|ARM.ActiveCfg = Release|Any CPU
		{0DE81F76-3B35-4208-AE99-7711C0B2E66D}.AppStore|ARM.Build.0 = Release|Any CPU
		{0DE81F76-3B35-4208-AE99-7711C0B2E66D}.AppStore|iPhone.ActiveCfg = Release|Any CPU
		{0DE81F76-3B35-4208-AE99-7711C0B2E66D}.AppStore|iPhone.Build.0 = Release|Any CPU
		{0DE81F76-3B35-4208-AE99-7711C0B2E66D}.AppStore|iPhoneSimulator.ActiveCfg = Release|Any CPU
		{0DE81F76-3B35-4208-AE99-7711C0B2E66D}.AppStore|iPhoneSimulator.Build.0 = Release|Any CPU
		{0DE81F76-3B35-4208-AE99-7711C0B2E66D}.AppStore|x64.ActiveCfg = Release|Any CPU
		{0DE81F76-3B35-4208-AE99-7711C0B2E66D}.AppStore|x64.Build.0 = Release|Any CPU
		{0DE81F76-3B35-4208-AE99-7711C0B2E66D}.AppStore|x86.ActiveCfg = Release|Any CPU
		{0DE81F76-3B35-4208-AE99-7711C0B2E66D}.AppStore|x86.Build.0 = Release|Any CPU
		{0DE81F76-3B35-4208-AE99-7711C0B2E66D}.Debug|Any CPU.ActiveCfg = Debug|Any CPU
		{0DE81F76-3B35-4208-AE99-7711C0B2E66D}.Debug|Any CPU.Build.0 = Debug|Any CPU
		{0DE81F76-3B35-4208-AE99-7711C0B2E66D}.Debug|ARM.ActiveCfg = Debug|Any CPU
		{0DE81F76-3B35-4208-AE99-7711C0B2E66D}.Debug|ARM.Build.0 = Debug|Any CPU
		{0DE81F76-3B35-4208-AE99-7711C0B2E66D}.Debug|iPhone.ActiveCfg = Debug|Any CPU
		{0DE81F76-3B35-4208-AE99-7711C0B2E66D}.Debug|iPhone.Build.0 = Debug|Any CPU
		{0DE81F76-3B35-4208-AE99-7711C0B2E66D}.Debug|iPhoneSimulator.ActiveCfg = Debug|Any CPU
		{0DE81F76-3B35-4208-AE99-7711C0B2E66D}.Debug|iPhoneSimulator.Build.0 = Debug|Any CPU
		{0DE81F76-3B35-4208-AE99-7711C0B2E66D}.Debug|x64.ActiveCfg = Debug|Any CPU
		{0DE81F76-3B35-4208-AE99-7711C0B2E66D}.Debug|x64.Build.0 = Debug|Any CPU
		{0DE81F76-3B35-4208-AE99-7711C0B2E66D}.Debug|x86.ActiveCfg = Debug|Any CPU
		{0DE81F76-3B35-4208-AE99-7711C0B2E66D}.Debug|x86.Build.0 = Debug|Any CPU
		{0DE81F76-3B35-4208-AE99-7711C0B2E66D}.Release|Any CPU.ActiveCfg = Release|Any CPU
		{0DE81F76-3B35-4208-AE99-7711C0B2E66D}.Release|Any CPU.Build.0 = Release|Any CPU
		{0DE81F76-3B35-4208-AE99-7711C0B2E66D}.Release|ARM.ActiveCfg = Release|Any CPU
		{0DE81F76-3B35-4208-AE99-7711C0B2E66D}.Release|ARM.Build.0 = Release|Any CPU
		{0DE81F76-3B35-4208-AE99-7711C0B2E66D}.Release|iPhone.ActiveCfg = Release|Any CPU
		{0DE81F76-3B35-4208-AE99-7711C0B2E66D}.Release|iPhone.Build.0 = Release|Any CPU
		{0DE81F76-3B35-4208-AE99-7711C0B2E66D}.Release|iPhoneSimulator.ActiveCfg = Release|Any CPU
		{0DE81F76-3B35-4208-AE99-7711C0B2E66D}.Release|iPhoneSimulator.Build.0 = Release|Any CPU
		{0DE81F76-3B35-4208-AE99-7711C0B2E66D}.Release|x64.ActiveCfg = Release|Any CPU
		{0DE81F76-3B35-4208-AE99-7711C0B2E66D}.Release|x64.Build.0 = Release|Any CPU
		{0DE81F76-3B35-4208-AE99-7711C0B2E66D}.Release|x86.ActiveCfg = Release|Any CPU
		{0DE81F76-3B35-4208-AE99-7711C0B2E66D}.Release|x86.Build.0 = Release|Any CPU
		{EDE236F2-D2A6-4B03-AF1E-B31F898E6374}.Ad-Hoc|Any CPU.ActiveCfg = Release|Any CPU
		{EDE236F2-D2A6-4B03-AF1E-B31F898E6374}.Ad-Hoc|Any CPU.Build.0 = Release|Any CPU
		{EDE236F2-D2A6-4B03-AF1E-B31F898E6374}.Ad-Hoc|ARM.ActiveCfg = Release|Any CPU
		{EDE236F2-D2A6-4B03-AF1E-B31F898E6374}.Ad-Hoc|ARM.Build.0 = Release|Any CPU
		{EDE236F2-D2A6-4B03-AF1E-B31F898E6374}.Ad-Hoc|iPhone.ActiveCfg = Release|Any CPU
		{EDE236F2-D2A6-4B03-AF1E-B31F898E6374}.Ad-Hoc|iPhone.Build.0 = Release|Any CPU
		{EDE236F2-D2A6-4B03-AF1E-B31F898E6374}.Ad-Hoc|iPhoneSimulator.ActiveCfg = Release|Any CPU
		{EDE236F2-D2A6-4B03-AF1E-B31F898E6374}.Ad-Hoc|iPhoneSimulator.Build.0 = Release|Any CPU
		{EDE236F2-D2A6-4B03-AF1E-B31F898E6374}.Ad-Hoc|x64.ActiveCfg = Release|Any CPU
		{EDE236F2-D2A6-4B03-AF1E-B31F898E6374}.Ad-Hoc|x64.Build.0 = Release|Any CPU
		{EDE236F2-D2A6-4B03-AF1E-B31F898E6374}.Ad-Hoc|x86.ActiveCfg = Release|Any CPU
		{EDE236F2-D2A6-4B03-AF1E-B31F898E6374}.Ad-Hoc|x86.Build.0 = Release|Any CPU
		{EDE236F2-D2A6-4B03-AF1E-B31F898E6374}.AppStore|Any CPU.ActiveCfg = Release|Any CPU
		{EDE236F2-D2A6-4B03-AF1E-B31F898E6374}.AppStore|Any CPU.Build.0 = Release|Any CPU
		{EDE236F2-D2A6-4B03-AF1E-B31F898E6374}.AppStore|ARM.ActiveCfg = Release|Any CPU
		{EDE236F2-D2A6-4B03-AF1E-B31F898E6374}.AppStore|ARM.Build.0 = Release|Any CPU
		{EDE236F2-D2A6-4B03-AF1E-B31F898E6374}.AppStore|iPhone.ActiveCfg = Release|Any CPU
		{EDE236F2-D2A6-4B03-AF1E-B31F898E6374}.AppStore|iPhone.Build.0 = Release|Any CPU
		{EDE236F2-D2A6-4B03-AF1E-B31F898E6374}.AppStore|iPhoneSimulator.ActiveCfg = Release|Any CPU
		{EDE236F2-D2A6-4B03-AF1E-B31F898E6374}.AppStore|iPhoneSimulator.Build.0 = Release|Any CPU
		{EDE236F2-D2A6-4B03-AF1E-B31F898E6374}.AppStore|x64.ActiveCfg = Release|Any CPU
		{EDE236F2-D2A6-4B03-AF1E-B31F898E6374}.AppStore|x64.Build.0 = Release|Any CPU
		{EDE236F2-D2A6-4B03-AF1E-B31F898E6374}.AppStore|x86.ActiveCfg = Release|Any CPU
		{EDE236F2-D2A6-4B03-AF1E-B31F898E6374}.AppStore|x86.Build.0 = Release|Any CPU
		{EDE236F2-D2A6-4B03-AF1E-B31F898E6374}.Debug|Any CPU.ActiveCfg = Debug|Any CPU
		{EDE236F2-D2A6-4B03-AF1E-B31F898E6374}.Debug|Any CPU.Build.0 = Debug|Any CPU
		{EDE236F2-D2A6-4B03-AF1E-B31F898E6374}.Debug|ARM.ActiveCfg = Debug|Any CPU
		{EDE236F2-D2A6-4B03-AF1E-B31F898E6374}.Debug|ARM.Build.0 = Debug|Any CPU
		{EDE236F2-D2A6-4B03-AF1E-B31F898E6374}.Debug|iPhone.ActiveCfg = Debug|Any CPU
		{EDE236F2-D2A6-4B03-AF1E-B31F898E6374}.Debug|iPhone.Build.0 = Debug|Any CPU
		{EDE236F2-D2A6-4B03-AF1E-B31F898E6374}.Debug|iPhoneSimulator.ActiveCfg = Debug|Any CPU
		{EDE236F2-D2A6-4B03-AF1E-B31F898E6374}.Debug|iPhoneSimulator.Build.0 = Debug|Any CPU
		{EDE236F2-D2A6-4B03-AF1E-B31F898E6374}.Debug|x64.ActiveCfg = Debug|Any CPU
		{EDE236F2-D2A6-4B03-AF1E-B31F898E6374}.Debug|x64.Build.0 = Debug|Any CPU
		{EDE236F2-D2A6-4B03-AF1E-B31F898E6374}.Debug|x86.ActiveCfg = Debug|Any CPU
		{EDE236F2-D2A6-4B03-AF1E-B31F898E6374}.Debug|x86.Build.0 = Debug|Any CPU
		{EDE236F2-D2A6-4B03-AF1E-B31F898E6374}.Release|Any CPU.ActiveCfg = Release|Any CPU
		{EDE236F2-D2A6-4B03-AF1E-B31F898E6374}.Release|Any CPU.Build.0 = Release|Any CPU
		{EDE236F2-D2A6-4B03-AF1E-B31F898E6374}.Release|ARM.ActiveCfg = Release|Any CPU
		{EDE236F2-D2A6-4B03-AF1E-B31F898E6374}.Release|ARM.Build.0 = Release|Any CPU
		{EDE236F2-D2A6-4B03-AF1E-B31F898E6374}.Release|iPhone.ActiveCfg = Release|Any CPU
		{EDE236F2-D2A6-4B03-AF1E-B31F898E6374}.Release|iPhone.Build.0 = Release|Any CPU
		{EDE236F2-D2A6-4B03-AF1E-B31F898E6374}.Release|iPhoneSimulator.ActiveCfg = Release|Any CPU
		{EDE236F2-D2A6-4B03-AF1E-B31F898E6374}.Release|iPhoneSimulator.Build.0 = Release|Any CPU
		{EDE236F2-D2A6-4B03-AF1E-B31F898E6374}.Release|x64.ActiveCfg = Release|Any CPU
		{EDE236F2-D2A6-4B03-AF1E-B31F898E6374}.Release|x64.Build.0 = Release|Any CPU
		{EDE236F2-D2A6-4B03-AF1E-B31F898E6374}.Release|x86.ActiveCfg = Release|Any CPU
		{EDE236F2-D2A6-4B03-AF1E-B31F898E6374}.Release|x86.Build.0 = Release|Any CPU
		{273475C5-A204-4143-8DBC-9777A17CF045}.Ad-Hoc|Any CPU.ActiveCfg = Release|Any CPU
		{273475C5-A204-4143-8DBC-9777A17CF045}.Ad-Hoc|Any CPU.Build.0 = Release|Any CPU
		{273475C5-A204-4143-8DBC-9777A17CF045}.Ad-Hoc|Any CPU.Deploy.0 = Release|Any CPU
		{273475C5-A204-4143-8DBC-9777A17CF045}.Ad-Hoc|ARM.ActiveCfg = Release|Any CPU
		{273475C5-A204-4143-8DBC-9777A17CF045}.Ad-Hoc|ARM.Build.0 = Release|Any CPU
		{273475C5-A204-4143-8DBC-9777A17CF045}.Ad-Hoc|ARM.Deploy.0 = Release|Any CPU
		{273475C5-A204-4143-8DBC-9777A17CF045}.Ad-Hoc|iPhone.ActiveCfg = Release|Any CPU
		{273475C5-A204-4143-8DBC-9777A17CF045}.Ad-Hoc|iPhone.Build.0 = Release|Any CPU
		{273475C5-A204-4143-8DBC-9777A17CF045}.Ad-Hoc|iPhone.Deploy.0 = Release|Any CPU
		{273475C5-A204-4143-8DBC-9777A17CF045}.Ad-Hoc|iPhoneSimulator.ActiveCfg = Release|Any CPU
		{273475C5-A204-4143-8DBC-9777A17CF045}.Ad-Hoc|iPhoneSimulator.Build.0 = Release|Any CPU
		{273475C5-A204-4143-8DBC-9777A17CF045}.Ad-Hoc|iPhoneSimulator.Deploy.0 = Release|Any CPU
		{273475C5-A204-4143-8DBC-9777A17CF045}.Ad-Hoc|x64.ActiveCfg = Release|Any CPU
		{273475C5-A204-4143-8DBC-9777A17CF045}.Ad-Hoc|x64.Build.0 = Release|Any CPU
		{273475C5-A204-4143-8DBC-9777A17CF045}.Ad-Hoc|x64.Deploy.0 = Release|Any CPU
		{273475C5-A204-4143-8DBC-9777A17CF045}.Ad-Hoc|x86.ActiveCfg = Release|Any CPU
		{273475C5-A204-4143-8DBC-9777A17CF045}.Ad-Hoc|x86.Build.0 = Release|Any CPU
		{273475C5-A204-4143-8DBC-9777A17CF045}.Ad-Hoc|x86.Deploy.0 = Release|Any CPU
		{273475C5-A204-4143-8DBC-9777A17CF045}.AppStore|Any CPU.ActiveCfg = Release|Any CPU
		{273475C5-A204-4143-8DBC-9777A17CF045}.AppStore|Any CPU.Build.0 = Release|Any CPU
		{273475C5-A204-4143-8DBC-9777A17CF045}.AppStore|Any CPU.Deploy.0 = Release|Any CPU
		{273475C5-A204-4143-8DBC-9777A17CF045}.AppStore|ARM.ActiveCfg = Release|Any CPU
		{273475C5-A204-4143-8DBC-9777A17CF045}.AppStore|ARM.Build.0 = Release|Any CPU
		{273475C5-A204-4143-8DBC-9777A17CF045}.AppStore|ARM.Deploy.0 = Release|Any CPU
		{273475C5-A204-4143-8DBC-9777A17CF045}.AppStore|iPhone.ActiveCfg = Release|Any CPU
		{273475C5-A204-4143-8DBC-9777A17CF045}.AppStore|iPhone.Build.0 = Release|Any CPU
		{273475C5-A204-4143-8DBC-9777A17CF045}.AppStore|iPhone.Deploy.0 = Release|Any CPU
		{273475C5-A204-4143-8DBC-9777A17CF045}.AppStore|iPhoneSimulator.ActiveCfg = Release|Any CPU
		{273475C5-A204-4143-8DBC-9777A17CF045}.AppStore|iPhoneSimulator.Build.0 = Release|Any CPU
		{273475C5-A204-4143-8DBC-9777A17CF045}.AppStore|iPhoneSimulator.Deploy.0 = Release|Any CPU
		{273475C5-A204-4143-8DBC-9777A17CF045}.AppStore|x64.ActiveCfg = Release|Any CPU
		{273475C5-A204-4143-8DBC-9777A17CF045}.AppStore|x64.Build.0 = Release|Any CPU
		{273475C5-A204-4143-8DBC-9777A17CF045}.AppStore|x64.Deploy.0 = Release|Any CPU
		{273475C5-A204-4143-8DBC-9777A17CF045}.AppStore|x86.ActiveCfg = Release|Any CPU
		{273475C5-A204-4143-8DBC-9777A17CF045}.AppStore|x86.Build.0 = Release|Any CPU
		{273475C5-A204-4143-8DBC-9777A17CF045}.AppStore|x86.Deploy.0 = Release|Any CPU
		{273475C5-A204-4143-8DBC-9777A17CF045}.Debug|Any CPU.ActiveCfg = Debug|Any CPU
		{273475C5-A204-4143-8DBC-9777A17CF045}.Debug|Any CPU.Build.0 = Debug|Any CPU
		{273475C5-A204-4143-8DBC-9777A17CF045}.Debug|Any CPU.Deploy.0 = Debug|Any CPU
		{273475C5-A204-4143-8DBC-9777A17CF045}.Debug|ARM.ActiveCfg = Debug|Any CPU
		{273475C5-A204-4143-8DBC-9777A17CF045}.Debug|ARM.Build.0 = Debug|Any CPU
		{273475C5-A204-4143-8DBC-9777A17CF045}.Debug|ARM.Deploy.0 = Debug|Any CPU
		{273475C5-A204-4143-8DBC-9777A17CF045}.Debug|iPhone.ActiveCfg = Debug|Any CPU
		{273475C5-A204-4143-8DBC-9777A17CF045}.Debug|iPhone.Build.0 = Debug|Any CPU
		{273475C5-A204-4143-8DBC-9777A17CF045}.Debug|iPhone.Deploy.0 = Debug|Any CPU
		{273475C5-A204-4143-8DBC-9777A17CF045}.Debug|iPhoneSimulator.ActiveCfg = Debug|Any CPU
		{273475C5-A204-4143-8DBC-9777A17CF045}.Debug|iPhoneSimulator.Build.0 = Debug|Any CPU
		{273475C5-A204-4143-8DBC-9777A17CF045}.Debug|iPhoneSimulator.Deploy.0 = Debug|Any CPU
		{273475C5-A204-4143-8DBC-9777A17CF045}.Debug|x64.ActiveCfg = Debug|Any CPU
		{273475C5-A204-4143-8DBC-9777A17CF045}.Debug|x64.Build.0 = Debug|Any CPU
		{273475C5-A204-4143-8DBC-9777A17CF045}.Debug|x64.Deploy.0 = Debug|Any CPU
		{273475C5-A204-4143-8DBC-9777A17CF045}.Debug|x86.ActiveCfg = Debug|Any CPU
		{273475C5-A204-4143-8DBC-9777A17CF045}.Debug|x86.Build.0 = Debug|Any CPU
		{273475C5-A204-4143-8DBC-9777A17CF045}.Debug|x86.Deploy.0 = Debug|Any CPU
		{273475C5-A204-4143-8DBC-9777A17CF045}.Release|Any CPU.ActiveCfg = Release|Any CPU
		{273475C5-A204-4143-8DBC-9777A17CF045}.Release|Any CPU.Build.0 = Release|Any CPU
		{273475C5-A204-4143-8DBC-9777A17CF045}.Release|Any CPU.Deploy.0 = Release|Any CPU
		{273475C5-A204-4143-8DBC-9777A17CF045}.Release|ARM.ActiveCfg = Release|Any CPU
		{273475C5-A204-4143-8DBC-9777A17CF045}.Release|ARM.Build.0 = Release|Any CPU
		{273475C5-A204-4143-8DBC-9777A17CF045}.Release|ARM.Deploy.0 = Release|Any CPU
		{273475C5-A204-4143-8DBC-9777A17CF045}.Release|iPhone.ActiveCfg = Release|Any CPU
		{273475C5-A204-4143-8DBC-9777A17CF045}.Release|iPhone.Build.0 = Release|Any CPU
		{273475C5-A204-4143-8DBC-9777A17CF045}.Release|iPhone.Deploy.0 = Release|Any CPU
		{273475C5-A204-4143-8DBC-9777A17CF045}.Release|iPhoneSimulator.ActiveCfg = Release|Any CPU
		{273475C5-A204-4143-8DBC-9777A17CF045}.Release|iPhoneSimulator.Build.0 = Release|Any CPU
		{273475C5-A204-4143-8DBC-9777A17CF045}.Release|iPhoneSimulator.Deploy.0 = Release|Any CPU
		{273475C5-A204-4143-8DBC-9777A17CF045}.Release|x64.ActiveCfg = Release|Any CPU
		{273475C5-A204-4143-8DBC-9777A17CF045}.Release|x64.Build.0 = Release|Any CPU
		{273475C5-A204-4143-8DBC-9777A17CF045}.Release|x64.Deploy.0 = Release|Any CPU
		{273475C5-A204-4143-8DBC-9777A17CF045}.Release|x86.ActiveCfg = Release|Any CPU
		{273475C5-A204-4143-8DBC-9777A17CF045}.Release|x86.Build.0 = Release|Any CPU
		{273475C5-A204-4143-8DBC-9777A17CF045}.Release|x86.Deploy.0 = Release|Any CPU
		{C68DAAA6-38A4-4351-A728-277A027DBD47}.Ad-Hoc|Any CPU.ActiveCfg = Ad-Hoc|iPhone
		{C68DAAA6-38A4-4351-A728-277A027DBD47}.Ad-Hoc|ARM.ActiveCfg = Ad-Hoc|iPhone
		{C68DAAA6-38A4-4351-A728-277A027DBD47}.Ad-Hoc|iPhone.ActiveCfg = Ad-Hoc|iPhone
		{C68DAAA6-38A4-4351-A728-277A027DBD47}.Ad-Hoc|iPhone.Build.0 = Ad-Hoc|iPhone
		{C68DAAA6-38A4-4351-A728-277A027DBD47}.Ad-Hoc|iPhoneSimulator.ActiveCfg = Ad-Hoc|iPhoneSimulator
		{C68DAAA6-38A4-4351-A728-277A027DBD47}.Ad-Hoc|iPhoneSimulator.Build.0 = Ad-Hoc|iPhoneSimulator
		{C68DAAA6-38A4-4351-A728-277A027DBD47}.Ad-Hoc|x64.ActiveCfg = Ad-Hoc|iPhone
		{C68DAAA6-38A4-4351-A728-277A027DBD47}.Ad-Hoc|x86.ActiveCfg = Ad-Hoc|iPhone
		{C68DAAA6-38A4-4351-A728-277A027DBD47}.AppStore|Any CPU.ActiveCfg = AppStore|iPhone
		{C68DAAA6-38A4-4351-A728-277A027DBD47}.AppStore|ARM.ActiveCfg = AppStore|iPhone
		{C68DAAA6-38A4-4351-A728-277A027DBD47}.AppStore|iPhone.ActiveCfg = AppStore|iPhone
		{C68DAAA6-38A4-4351-A728-277A027DBD47}.AppStore|iPhone.Build.0 = AppStore|iPhone
		{C68DAAA6-38A4-4351-A728-277A027DBD47}.AppStore|iPhoneSimulator.ActiveCfg = AppStore|iPhoneSimulator
		{C68DAAA6-38A4-4351-A728-277A027DBD47}.AppStore|iPhoneSimulator.Build.0 = AppStore|iPhoneSimulator
		{C68DAAA6-38A4-4351-A728-277A027DBD47}.AppStore|x64.ActiveCfg = AppStore|iPhone
		{C68DAAA6-38A4-4351-A728-277A027DBD47}.AppStore|x86.ActiveCfg = AppStore|iPhone
		{C68DAAA6-38A4-4351-A728-277A027DBD47}.Debug|Any CPU.ActiveCfg = Debug|iPhone
		{C68DAAA6-38A4-4351-A728-277A027DBD47}.Debug|ARM.ActiveCfg = Debug|iPhone
		{C68DAAA6-38A4-4351-A728-277A027DBD47}.Debug|iPhone.ActiveCfg = Debug|iPhone
		{C68DAAA6-38A4-4351-A728-277A027DBD47}.Debug|iPhone.Build.0 = Debug|iPhone
		{C68DAAA6-38A4-4351-A728-277A027DBD47}.Debug|iPhoneSimulator.ActiveCfg = Debug|iPhoneSimulator
		{C68DAAA6-38A4-4351-A728-277A027DBD47}.Debug|iPhoneSimulator.Build.0 = Debug|iPhoneSimulator
		{C68DAAA6-38A4-4351-A728-277A027DBD47}.Debug|x64.ActiveCfg = Debug|iPhone
		{C68DAAA6-38A4-4351-A728-277A027DBD47}.Debug|x86.ActiveCfg = Debug|iPhone
		{C68DAAA6-38A4-4351-A728-277A027DBD47}.Release|Any CPU.ActiveCfg = Release|iPhone
		{C68DAAA6-38A4-4351-A728-277A027DBD47}.Release|ARM.ActiveCfg = Release|iPhone
		{C68DAAA6-38A4-4351-A728-277A027DBD47}.Release|iPhone.ActiveCfg = Release|iPhone
		{C68DAAA6-38A4-4351-A728-277A027DBD47}.Release|iPhone.Build.0 = Release|iPhone
		{C68DAAA6-38A4-4351-A728-277A027DBD47}.Release|iPhoneSimulator.ActiveCfg = Release|iPhoneSimulator
		{C68DAAA6-38A4-4351-A728-277A027DBD47}.Release|iPhoneSimulator.Build.0 = Release|iPhoneSimulator
		{C68DAAA6-38A4-4351-A728-277A027DBD47}.Release|x64.ActiveCfg = Release|iPhone
		{C68DAAA6-38A4-4351-A728-277A027DBD47}.Release|x86.ActiveCfg = Release|iPhone
		{1F6B532A-7E1B-4C9B-A72D-044FBBEDD61C}.Ad-Hoc|Any CPU.ActiveCfg = Release|Any CPU
		{1F6B532A-7E1B-4C9B-A72D-044FBBEDD61C}.Ad-Hoc|Any CPU.Build.0 = Release|Any CPU
		{1F6B532A-7E1B-4C9B-A72D-044FBBEDD61C}.Ad-Hoc|Any CPU.Deploy.0 = Release|Any CPU
		{1F6B532A-7E1B-4C9B-A72D-044FBBEDD61C}.Ad-Hoc|ARM.ActiveCfg = Release|ARM
		{1F6B532A-7E1B-4C9B-A72D-044FBBEDD61C}.Ad-Hoc|ARM.Build.0 = Release|ARM
		{1F6B532A-7E1B-4C9B-A72D-044FBBEDD61C}.Ad-Hoc|ARM.Deploy.0 = Release|ARM
		{1F6B532A-7E1B-4C9B-A72D-044FBBEDD61C}.Ad-Hoc|iPhone.ActiveCfg = Release|Any CPU
		{1F6B532A-7E1B-4C9B-A72D-044FBBEDD61C}.Ad-Hoc|iPhone.Build.0 = Release|Any CPU
		{1F6B532A-7E1B-4C9B-A72D-044FBBEDD61C}.Ad-Hoc|iPhone.Deploy.0 = Release|Any CPU
		{1F6B532A-7E1B-4C9B-A72D-044FBBEDD61C}.Ad-Hoc|iPhoneSimulator.ActiveCfg = Release|Any CPU
		{1F6B532A-7E1B-4C9B-A72D-044FBBEDD61C}.Ad-Hoc|iPhoneSimulator.Build.0 = Release|Any CPU
		{1F6B532A-7E1B-4C9B-A72D-044FBBEDD61C}.Ad-Hoc|iPhoneSimulator.Deploy.0 = Release|Any CPU
		{1F6B532A-7E1B-4C9B-A72D-044FBBEDD61C}.Ad-Hoc|x64.ActiveCfg = Release|Any CPU
		{1F6B532A-7E1B-4C9B-A72D-044FBBEDD61C}.Ad-Hoc|x64.Build.0 = Release|Any CPU
		{1F6B532A-7E1B-4C9B-A72D-044FBBEDD61C}.Ad-Hoc|x64.Deploy.0 = Release|Any CPU
		{1F6B532A-7E1B-4C9B-A72D-044FBBEDD61C}.Ad-Hoc|x86.ActiveCfg = Release|x86
		{1F6B532A-7E1B-4C9B-A72D-044FBBEDD61C}.Ad-Hoc|x86.Build.0 = Release|x86
		{1F6B532A-7E1B-4C9B-A72D-044FBBEDD61C}.Ad-Hoc|x86.Deploy.0 = Release|x86
		{1F6B532A-7E1B-4C9B-A72D-044FBBEDD61C}.AppStore|Any CPU.ActiveCfg = Release|Any CPU
		{1F6B532A-7E1B-4C9B-A72D-044FBBEDD61C}.AppStore|Any CPU.Build.0 = Release|Any CPU
		{1F6B532A-7E1B-4C9B-A72D-044FBBEDD61C}.AppStore|Any CPU.Deploy.0 = Release|Any CPU
		{1F6B532A-7E1B-4C9B-A72D-044FBBEDD61C}.AppStore|ARM.ActiveCfg = Release|ARM
		{1F6B532A-7E1B-4C9B-A72D-044FBBEDD61C}.AppStore|ARM.Build.0 = Release|ARM
		{1F6B532A-7E1B-4C9B-A72D-044FBBEDD61C}.AppStore|ARM.Deploy.0 = Release|ARM
		{1F6B532A-7E1B-4C9B-A72D-044FBBEDD61C}.AppStore|iPhone.ActiveCfg = Release|Any CPU
		{1F6B532A-7E1B-4C9B-A72D-044FBBEDD61C}.AppStore|iPhone.Build.0 = Release|Any CPU
		{1F6B532A-7E1B-4C9B-A72D-044FBBEDD61C}.AppStore|iPhone.Deploy.0 = Release|Any CPU
		{1F6B532A-7E1B-4C9B-A72D-044FBBEDD61C}.AppStore|iPhoneSimulator.ActiveCfg = Release|Any CPU
		{1F6B532A-7E1B-4C9B-A72D-044FBBEDD61C}.AppStore|iPhoneSimulator.Build.0 = Release|Any CPU
		{1F6B532A-7E1B-4C9B-A72D-044FBBEDD61C}.AppStore|iPhoneSimulator.Deploy.0 = Release|Any CPU
		{1F6B532A-7E1B-4C9B-A72D-044FBBEDD61C}.AppStore|x64.ActiveCfg = Release|Any CPU
		{1F6B532A-7E1B-4C9B-A72D-044FBBEDD61C}.AppStore|x64.Build.0 = Release|Any CPU
		{1F6B532A-7E1B-4C9B-A72D-044FBBEDD61C}.AppStore|x64.Deploy.0 = Release|Any CPU
		{1F6B532A-7E1B-4C9B-A72D-044FBBEDD61C}.AppStore|x86.ActiveCfg = Release|x86
		{1F6B532A-7E1B-4C9B-A72D-044FBBEDD61C}.AppStore|x86.Build.0 = Release|x86
		{1F6B532A-7E1B-4C9B-A72D-044FBBEDD61C}.AppStore|x86.Deploy.0 = Release|x86
		{1F6B532A-7E1B-4C9B-A72D-044FBBEDD61C}.Debug|Any CPU.ActiveCfg = Debug|Any CPU
		{1F6B532A-7E1B-4C9B-A72D-044FBBEDD61C}.Debug|Any CPU.Build.0 = Debug|Any CPU
		{1F6B532A-7E1B-4C9B-A72D-044FBBEDD61C}.Debug|Any CPU.Deploy.0 = Debug|Any CPU
		{1F6B532A-7E1B-4C9B-A72D-044FBBEDD61C}.Debug|ARM.ActiveCfg = Debug|ARM
		{1F6B532A-7E1B-4C9B-A72D-044FBBEDD61C}.Debug|ARM.Build.0 = Debug|ARM
		{1F6B532A-7E1B-4C9B-A72D-044FBBEDD61C}.Debug|ARM.Deploy.0 = Debug|ARM
		{1F6B532A-7E1B-4C9B-A72D-044FBBEDD61C}.Debug|iPhone.ActiveCfg = Debug|Any CPU
		{1F6B532A-7E1B-4C9B-A72D-044FBBEDD61C}.Debug|iPhone.Build.0 = Debug|Any CPU
		{1F6B532A-7E1B-4C9B-A72D-044FBBEDD61C}.Debug|iPhone.Deploy.0 = Debug|Any CPU
		{1F6B532A-7E1B-4C9B-A72D-044FBBEDD61C}.Debug|iPhoneSimulator.ActiveCfg = Debug|Any CPU
		{1F6B532A-7E1B-4C9B-A72D-044FBBEDD61C}.Debug|iPhoneSimulator.Build.0 = Debug|Any CPU
		{1F6B532A-7E1B-4C9B-A72D-044FBBEDD61C}.Debug|iPhoneSimulator.Deploy.0 = Debug|Any CPU
		{1F6B532A-7E1B-4C9B-A72D-044FBBEDD61C}.Debug|x64.ActiveCfg = Debug|Any CPU
		{1F6B532A-7E1B-4C9B-A72D-044FBBEDD61C}.Debug|x64.Build.0 = Debug|Any CPU
		{1F6B532A-7E1B-4C9B-A72D-044FBBEDD61C}.Debug|x64.Deploy.0 = Debug|Any CPU
		{1F6B532A-7E1B-4C9B-A72D-044FBBEDD61C}.Debug|x86.ActiveCfg = Debug|x86
		{1F6B532A-7E1B-4C9B-A72D-044FBBEDD61C}.Debug|x86.Build.0 = Debug|x86
		{1F6B532A-7E1B-4C9B-A72D-044FBBEDD61C}.Debug|x86.Deploy.0 = Debug|x86
		{1F6B532A-7E1B-4C9B-A72D-044FBBEDD61C}.Release|Any CPU.ActiveCfg = Release|Any CPU
		{1F6B532A-7E1B-4C9B-A72D-044FBBEDD61C}.Release|Any CPU.Build.0 = Release|Any CPU
		{1F6B532A-7E1B-4C9B-A72D-044FBBEDD61C}.Release|Any CPU.Deploy.0 = Release|Any CPU
		{1F6B532A-7E1B-4C9B-A72D-044FBBEDD61C}.Release|ARM.ActiveCfg = Release|ARM
		{1F6B532A-7E1B-4C9B-A72D-044FBBEDD61C}.Release|ARM.Build.0 = Release|ARM
		{1F6B532A-7E1B-4C9B-A72D-044FBBEDD61C}.Release|ARM.Deploy.0 = Release|ARM
		{1F6B532A-7E1B-4C9B-A72D-044FBBEDD61C}.Release|iPhone.ActiveCfg = Release|Any CPU
		{1F6B532A-7E1B-4C9B-A72D-044FBBEDD61C}.Release|iPhone.Build.0 = Release|Any CPU
		{1F6B532A-7E1B-4C9B-A72D-044FBBEDD61C}.Release|iPhone.Deploy.0 = Release|Any CPU
		{1F6B532A-7E1B-4C9B-A72D-044FBBEDD61C}.Release|iPhoneSimulator.ActiveCfg = Release|Any CPU
		{1F6B532A-7E1B-4C9B-A72D-044FBBEDD61C}.Release|iPhoneSimulator.Build.0 = Release|Any CPU
		{1F6B532A-7E1B-4C9B-A72D-044FBBEDD61C}.Release|iPhoneSimulator.Deploy.0 = Release|Any CPU
		{1F6B532A-7E1B-4C9B-A72D-044FBBEDD61C}.Release|x64.ActiveCfg = Release|Any CPU
		{1F6B532A-7E1B-4C9B-A72D-044FBBEDD61C}.Release|x64.Build.0 = Release|Any CPU
		{1F6B532A-7E1B-4C9B-A72D-044FBBEDD61C}.Release|x64.Deploy.0 = Release|Any CPU
		{1F6B532A-7E1B-4C9B-A72D-044FBBEDD61C}.Release|x86.ActiveCfg = Release|x86
		{1F6B532A-7E1B-4C9B-A72D-044FBBEDD61C}.Release|x86.Build.0 = Release|x86
		{1F6B532A-7E1B-4C9B-A72D-044FBBEDD61C}.Release|x86.Deploy.0 = Release|x86
		{177EDBC3-718C-4416-B205-0CEE33EB6205}.Ad-Hoc|Any CPU.ActiveCfg = Release|x86
		{177EDBC3-718C-4416-B205-0CEE33EB6205}.Ad-Hoc|Any CPU.Build.0 = Release|x86
		{177EDBC3-718C-4416-B205-0CEE33EB6205}.Ad-Hoc|Any CPU.Deploy.0 = Release|x86
		{177EDBC3-718C-4416-B205-0CEE33EB6205}.Ad-Hoc|ARM.ActiveCfg = Release|ARM
		{177EDBC3-718C-4416-B205-0CEE33EB6205}.Ad-Hoc|ARM.Build.0 = Release|ARM
		{177EDBC3-718C-4416-B205-0CEE33EB6205}.Ad-Hoc|ARM.Deploy.0 = Release|ARM
		{177EDBC3-718C-4416-B205-0CEE33EB6205}.Ad-Hoc|iPhone.ActiveCfg = Release|x86
		{177EDBC3-718C-4416-B205-0CEE33EB6205}.Ad-Hoc|iPhone.Build.0 = Release|x86
		{177EDBC3-718C-4416-B205-0CEE33EB6205}.Ad-Hoc|iPhone.Deploy.0 = Release|x86
		{177EDBC3-718C-4416-B205-0CEE33EB6205}.Ad-Hoc|iPhoneSimulator.ActiveCfg = Release|x86
		{177EDBC3-718C-4416-B205-0CEE33EB6205}.Ad-Hoc|iPhoneSimulator.Build.0 = Release|x86
		{177EDBC3-718C-4416-B205-0CEE33EB6205}.Ad-Hoc|iPhoneSimulator.Deploy.0 = Release|x86
		{177EDBC3-718C-4416-B205-0CEE33EB6205}.Ad-Hoc|x64.ActiveCfg = Release|x64
		{177EDBC3-718C-4416-B205-0CEE33EB6205}.Ad-Hoc|x64.Build.0 = Release|x64
		{177EDBC3-718C-4416-B205-0CEE33EB6205}.Ad-Hoc|x64.Deploy.0 = Release|x64
		{177EDBC3-718C-4416-B205-0CEE33EB6205}.Ad-Hoc|x86.ActiveCfg = Release|x86
		{177EDBC3-718C-4416-B205-0CEE33EB6205}.Ad-Hoc|x86.Build.0 = Release|x86
		{177EDBC3-718C-4416-B205-0CEE33EB6205}.Ad-Hoc|x86.Deploy.0 = Release|x86
		{177EDBC3-718C-4416-B205-0CEE33EB6205}.AppStore|Any CPU.ActiveCfg = Release|x86
		{177EDBC3-718C-4416-B205-0CEE33EB6205}.AppStore|Any CPU.Build.0 = Release|x86
		{177EDBC3-718C-4416-B205-0CEE33EB6205}.AppStore|Any CPU.Deploy.0 = Release|x86
		{177EDBC3-718C-4416-B205-0CEE33EB6205}.AppStore|ARM.ActiveCfg = Release|ARM
		{177EDBC3-718C-4416-B205-0CEE33EB6205}.AppStore|ARM.Build.0 = Release|ARM
		{177EDBC3-718C-4416-B205-0CEE33EB6205}.AppStore|ARM.Deploy.0 = Release|ARM
		{177EDBC3-718C-4416-B205-0CEE33EB6205}.AppStore|iPhone.ActiveCfg = Release|x86
		{177EDBC3-718C-4416-B205-0CEE33EB6205}.AppStore|iPhone.Build.0 = Release|x86
		{177EDBC3-718C-4416-B205-0CEE33EB6205}.AppStore|iPhone.Deploy.0 = Release|x86
		{177EDBC3-718C-4416-B205-0CEE33EB6205}.AppStore|iPhoneSimulator.ActiveCfg = Release|x86
		{177EDBC3-718C-4416-B205-0CEE33EB6205}.AppStore|iPhoneSimulator.Build.0 = Release|x86
		{177EDBC3-718C-4416-B205-0CEE33EB6205}.AppStore|iPhoneSimulator.Deploy.0 = Release|x86
		{177EDBC3-718C-4416-B205-0CEE33EB6205}.AppStore|x64.ActiveCfg = Release|x64
		{177EDBC3-718C-4416-B205-0CEE33EB6205}.AppStore|x64.Build.0 = Release|x64
		{177EDBC3-718C-4416-B205-0CEE33EB6205}.AppStore|x64.Deploy.0 = Release|x64
		{177EDBC3-718C-4416-B205-0CEE33EB6205}.AppStore|x86.ActiveCfg = Release|x86
		{177EDBC3-718C-4416-B205-0CEE33EB6205}.AppStore|x86.Build.0 = Release|x86
		{177EDBC3-718C-4416-B205-0CEE33EB6205}.AppStore|x86.Deploy.0 = Release|x86
		{177EDBC3-718C-4416-B205-0CEE33EB6205}.Debug|Any CPU.ActiveCfg = Debug|x86
		{177EDBC3-718C-4416-B205-0CEE33EB6205}.Debug|ARM.ActiveCfg = Debug|ARM
		{177EDBC3-718C-4416-B205-0CEE33EB6205}.Debug|ARM.Build.0 = Debug|ARM
		{177EDBC3-718C-4416-B205-0CEE33EB6205}.Debug|ARM.Deploy.0 = Debug|ARM
		{177EDBC3-718C-4416-B205-0CEE33EB6205}.Debug|iPhone.ActiveCfg = Debug|x86
		{177EDBC3-718C-4416-B205-0CEE33EB6205}.Debug|iPhoneSimulator.ActiveCfg = Debug|x86
		{177EDBC3-718C-4416-B205-0CEE33EB6205}.Debug|x64.ActiveCfg = Debug|x64
		{177EDBC3-718C-4416-B205-0CEE33EB6205}.Debug|x64.Build.0 = Debug|x64
		{177EDBC3-718C-4416-B205-0CEE33EB6205}.Debug|x64.Deploy.0 = Debug|x64
		{177EDBC3-718C-4416-B205-0CEE33EB6205}.Debug|x86.ActiveCfg = Debug|x86
		{177EDBC3-718C-4416-B205-0CEE33EB6205}.Debug|x86.Build.0 = Debug|x86
		{177EDBC3-718C-4416-B205-0CEE33EB6205}.Debug|x86.Deploy.0 = Debug|x86
		{177EDBC3-718C-4416-B205-0CEE33EB6205}.Release|Any CPU.ActiveCfg = Release|x86
		{177EDBC3-718C-4416-B205-0CEE33EB6205}.Release|ARM.ActiveCfg = Release|ARM
		{177EDBC3-718C-4416-B205-0CEE33EB6205}.Release|ARM.Build.0 = Release|ARM
		{177EDBC3-718C-4416-B205-0CEE33EB6205}.Release|ARM.Deploy.0 = Release|ARM
		{177EDBC3-718C-4416-B205-0CEE33EB6205}.Release|iPhone.ActiveCfg = Release|x86
		{177EDBC3-718C-4416-B205-0CEE33EB6205}.Release|iPhoneSimulator.ActiveCfg = Release|x86
		{177EDBC3-718C-4416-B205-0CEE33EB6205}.Release|x64.ActiveCfg = Release|x64
		{177EDBC3-718C-4416-B205-0CEE33EB6205}.Release|x64.Build.0 = Release|x64
		{177EDBC3-718C-4416-B205-0CEE33EB6205}.Release|x64.Deploy.0 = Release|x64
		{177EDBC3-718C-4416-B205-0CEE33EB6205}.Release|x86.ActiveCfg = Release|x86
		{177EDBC3-718C-4416-B205-0CEE33EB6205}.Release|x86.Build.0 = Release|x86
		{177EDBC3-718C-4416-B205-0CEE33EB6205}.Release|x86.Deploy.0 = Release|x86
		{71CC9C28-22B4-41BD-9F3A-879211B73520}.Ad-Hoc|Any CPU.ActiveCfg = Release|Any CPU
		{71CC9C28-22B4-41BD-9F3A-879211B73520}.Ad-Hoc|Any CPU.Build.0 = Release|Any CPU
		{71CC9C28-22B4-41BD-9F3A-879211B73520}.Ad-Hoc|Any CPU.Deploy.0 = Release|Any CPU
		{71CC9C28-22B4-41BD-9F3A-879211B73520}.Ad-Hoc|ARM.ActiveCfg = Release|ARM
		{71CC9C28-22B4-41BD-9F3A-879211B73520}.Ad-Hoc|ARM.Build.0 = Release|ARM
		{71CC9C28-22B4-41BD-9F3A-879211B73520}.Ad-Hoc|ARM.Deploy.0 = Release|ARM
		{71CC9C28-22B4-41BD-9F3A-879211B73520}.Ad-Hoc|iPhone.ActiveCfg = Release|Any CPU
		{71CC9C28-22B4-41BD-9F3A-879211B73520}.Ad-Hoc|iPhone.Build.0 = Release|Any CPU
		{71CC9C28-22B4-41BD-9F3A-879211B73520}.Ad-Hoc|iPhone.Deploy.0 = Release|Any CPU
		{71CC9C28-22B4-41BD-9F3A-879211B73520}.Ad-Hoc|iPhoneSimulator.ActiveCfg = Release|Any CPU
		{71CC9C28-22B4-41BD-9F3A-879211B73520}.Ad-Hoc|iPhoneSimulator.Build.0 = Release|Any CPU
		{71CC9C28-22B4-41BD-9F3A-879211B73520}.Ad-Hoc|iPhoneSimulator.Deploy.0 = Release|Any CPU
		{71CC9C28-22B4-41BD-9F3A-879211B73520}.Ad-Hoc|x64.ActiveCfg = Release|x64
		{71CC9C28-22B4-41BD-9F3A-879211B73520}.Ad-Hoc|x64.Build.0 = Release|x64
		{71CC9C28-22B4-41BD-9F3A-879211B73520}.Ad-Hoc|x64.Deploy.0 = Release|x64
		{71CC9C28-22B4-41BD-9F3A-879211B73520}.Ad-Hoc|x86.ActiveCfg = Release|x86
		{71CC9C28-22B4-41BD-9F3A-879211B73520}.Ad-Hoc|x86.Build.0 = Release|x86
		{71CC9C28-22B4-41BD-9F3A-879211B73520}.Ad-Hoc|x86.Deploy.0 = Release|x86
		{71CC9C28-22B4-41BD-9F3A-879211B73520}.AppStore|Any CPU.ActiveCfg = Release|Any CPU
		{71CC9C28-22B4-41BD-9F3A-879211B73520}.AppStore|Any CPU.Build.0 = Release|Any CPU
		{71CC9C28-22B4-41BD-9F3A-879211B73520}.AppStore|Any CPU.Deploy.0 = Release|Any CPU
		{71CC9C28-22B4-41BD-9F3A-879211B73520}.AppStore|ARM.ActiveCfg = Release|ARM
		{71CC9C28-22B4-41BD-9F3A-879211B73520}.AppStore|ARM.Build.0 = Release|ARM
		{71CC9C28-22B4-41BD-9F3A-879211B73520}.AppStore|ARM.Deploy.0 = Release|ARM
		{71CC9C28-22B4-41BD-9F3A-879211B73520}.AppStore|iPhone.ActiveCfg = Release|Any CPU
		{71CC9C28-22B4-41BD-9F3A-879211B73520}.AppStore|iPhone.Build.0 = Release|Any CPU
		{71CC9C28-22B4-41BD-9F3A-879211B73520}.AppStore|iPhone.Deploy.0 = Release|Any CPU
		{71CC9C28-22B4-41BD-9F3A-879211B73520}.AppStore|iPhoneSimulator.ActiveCfg = Release|Any CPU
		{71CC9C28-22B4-41BD-9F3A-879211B73520}.AppStore|iPhoneSimulator.Build.0 = Release|Any CPU
		{71CC9C28-22B4-41BD-9F3A-879211B73520}.AppStore|iPhoneSimulator.Deploy.0 = Release|Any CPU
		{71CC9C28-22B4-41BD-9F3A-879211B73520}.AppStore|x64.ActiveCfg = Release|x64
		{71CC9C28-22B4-41BD-9F3A-879211B73520}.AppStore|x64.Build.0 = Release|x64
		{71CC9C28-22B4-41BD-9F3A-879211B73520}.AppStore|x64.Deploy.0 = Release|x64
		{71CC9C28-22B4-41BD-9F3A-879211B73520}.AppStore|x86.ActiveCfg = Release|x86
		{71CC9C28-22B4-41BD-9F3A-879211B73520}.AppStore|x86.Build.0 = Release|x86
		{71CC9C28-22B4-41BD-9F3A-879211B73520}.AppStore|x86.Deploy.0 = Release|x86
		{71CC9C28-22B4-41BD-9F3A-879211B73520}.Debug|Any CPU.ActiveCfg = Debug|Any CPU
		{71CC9C28-22B4-41BD-9F3A-879211B73520}.Debug|Any CPU.Build.0 = Debug|Any CPU
		{71CC9C28-22B4-41BD-9F3A-879211B73520}.Debug|Any CPU.Deploy.0 = Debug|Any CPU
		{71CC9C28-22B4-41BD-9F3A-879211B73520}.Debug|ARM.ActiveCfg = Debug|ARM
		{71CC9C28-22B4-41BD-9F3A-879211B73520}.Debug|ARM.Build.0 = Debug|ARM
		{71CC9C28-22B4-41BD-9F3A-879211B73520}.Debug|ARM.Deploy.0 = Debug|ARM
		{71CC9C28-22B4-41BD-9F3A-879211B73520}.Debug|iPhone.ActiveCfg = Debug|Any CPU
		{71CC9C28-22B4-41BD-9F3A-879211B73520}.Debug|iPhone.Build.0 = Debug|Any CPU
		{71CC9C28-22B4-41BD-9F3A-879211B73520}.Debug|iPhone.Deploy.0 = Debug|Any CPU
		{71CC9C28-22B4-41BD-9F3A-879211B73520}.Debug|iPhoneSimulator.ActiveCfg = Debug|Any CPU
		{71CC9C28-22B4-41BD-9F3A-879211B73520}.Debug|iPhoneSimulator.Build.0 = Debug|Any CPU
		{71CC9C28-22B4-41BD-9F3A-879211B73520}.Debug|iPhoneSimulator.Deploy.0 = Debug|Any CPU
		{71CC9C28-22B4-41BD-9F3A-879211B73520}.Debug|x64.ActiveCfg = Debug|x64
		{71CC9C28-22B4-41BD-9F3A-879211B73520}.Debug|x64.Build.0 = Debug|x64
		{71CC9C28-22B4-41BD-9F3A-879211B73520}.Debug|x64.Deploy.0 = Debug|x64
		{71CC9C28-22B4-41BD-9F3A-879211B73520}.Debug|x86.ActiveCfg = Debug|x86
		{71CC9C28-22B4-41BD-9F3A-879211B73520}.Debug|x86.Build.0 = Debug|x86
		{71CC9C28-22B4-41BD-9F3A-879211B73520}.Debug|x86.Deploy.0 = Debug|x86
		{71CC9C28-22B4-41BD-9F3A-879211B73520}.Release|Any CPU.ActiveCfg = Release|Any CPU
		{71CC9C28-22B4-41BD-9F3A-879211B73520}.Release|Any CPU.Build.0 = Release|Any CPU
		{71CC9C28-22B4-41BD-9F3A-879211B73520}.Release|Any CPU.Deploy.0 = Release|Any CPU
		{71CC9C28-22B4-41BD-9F3A-879211B73520}.Release|ARM.ActiveCfg = Release|ARM
		{71CC9C28-22B4-41BD-9F3A-879211B73520}.Release|ARM.Build.0 = Release|ARM
		{71CC9C28-22B4-41BD-9F3A-879211B73520}.Release|ARM.Deploy.0 = Release|ARM
		{71CC9C28-22B4-41BD-9F3A-879211B73520}.Release|iPhone.ActiveCfg = Release|Any CPU
		{71CC9C28-22B4-41BD-9F3A-879211B73520}.Release|iPhone.Build.0 = Release|Any CPU
		{71CC9C28-22B4-41BD-9F3A-879211B73520}.Release|iPhone.Deploy.0 = Release|Any CPU
		{71CC9C28-22B4-41BD-9F3A-879211B73520}.Release|iPhoneSimulator.ActiveCfg = Release|Any CPU
		{71CC9C28-22B4-41BD-9F3A-879211B73520}.Release|iPhoneSimulator.Build.0 = Release|Any CPU
		{71CC9C28-22B4-41BD-9F3A-879211B73520}.Release|iPhoneSimulator.Deploy.0 = Release|Any CPU
		{71CC9C28-22B4-41BD-9F3A-879211B73520}.Release|x64.ActiveCfg = Release|x64
		{71CC9C28-22B4-41BD-9F3A-879211B73520}.Release|x64.Build.0 = Release|x64
		{71CC9C28-22B4-41BD-9F3A-879211B73520}.Release|x64.Deploy.0 = Release|x64
		{71CC9C28-22B4-41BD-9F3A-879211B73520}.Release|x86.ActiveCfg = Release|x86
		{71CC9C28-22B4-41BD-9F3A-879211B73520}.Release|x86.Build.0 = Release|x86
		{71CC9C28-22B4-41BD-9F3A-879211B73520}.Release|x86.Deploy.0 = Release|x86
		{43F87809-A76E-4429-B342-FBB456CE8E65}.Ad-Hoc|Any CPU.ActiveCfg = Release|Any CPU
		{43F87809-A76E-4429-B342-FBB456CE8E65}.Ad-Hoc|Any CPU.Build.0 = Release|Any CPU
		{43F87809-A76E-4429-B342-FBB456CE8E65}.Ad-Hoc|ARM.ActiveCfg = Release|Any CPU
		{43F87809-A76E-4429-B342-FBB456CE8E65}.Ad-Hoc|ARM.Build.0 = Release|Any CPU
		{43F87809-A76E-4429-B342-FBB456CE8E65}.Ad-Hoc|iPhone.ActiveCfg = Release|Any CPU
		{43F87809-A76E-4429-B342-FBB456CE8E65}.Ad-Hoc|iPhone.Build.0 = Release|Any CPU
		{43F87809-A76E-4429-B342-FBB456CE8E65}.Ad-Hoc|iPhoneSimulator.ActiveCfg = Release|Any CPU
		{43F87809-A76E-4429-B342-FBB456CE8E65}.Ad-Hoc|iPhoneSimulator.Build.0 = Release|Any CPU
		{43F87809-A76E-4429-B342-FBB456CE8E65}.Ad-Hoc|x64.ActiveCfg = Release|Any CPU
		{43F87809-A76E-4429-B342-FBB456CE8E65}.Ad-Hoc|x64.Build.0 = Release|Any CPU
		{43F87809-A76E-4429-B342-FBB456CE8E65}.Ad-Hoc|x86.ActiveCfg = Release|Any CPU
		{43F87809-A76E-4429-B342-FBB456CE8E65}.Ad-Hoc|x86.Build.0 = Release|Any CPU
		{43F87809-A76E-4429-B342-FBB456CE8E65}.AppStore|Any CPU.ActiveCfg = Release|Any CPU
		{43F87809-A76E-4429-B342-FBB456CE8E65}.AppStore|Any CPU.Build.0 = Release|Any CPU
		{43F87809-A76E-4429-B342-FBB456CE8E65}.AppStore|ARM.ActiveCfg = Release|Any CPU
		{43F87809-A76E-4429-B342-FBB456CE8E65}.AppStore|ARM.Build.0 = Release|Any CPU
		{43F87809-A76E-4429-B342-FBB456CE8E65}.AppStore|iPhone.ActiveCfg = Release|Any CPU
		{43F87809-A76E-4429-B342-FBB456CE8E65}.AppStore|iPhone.Build.0 = Release|Any CPU
		{43F87809-A76E-4429-B342-FBB456CE8E65}.AppStore|iPhoneSimulator.ActiveCfg = Release|Any CPU
		{43F87809-A76E-4429-B342-FBB456CE8E65}.AppStore|iPhoneSimulator.Build.0 = Release|Any CPU
		{43F87809-A76E-4429-B342-FBB456CE8E65}.AppStore|x64.ActiveCfg = Release|Any CPU
		{43F87809-A76E-4429-B342-FBB456CE8E65}.AppStore|x64.Build.0 = Release|Any CPU
		{43F87809-A76E-4429-B342-FBB456CE8E65}.AppStore|x86.ActiveCfg = Release|Any CPU
		{43F87809-A76E-4429-B342-FBB456CE8E65}.AppStore|x86.Build.0 = Release|Any CPU
		{43F87809-A76E-4429-B342-FBB456CE8E65}.Debug|Any CPU.ActiveCfg = Debug|Any CPU
		{43F87809-A76E-4429-B342-FBB456CE8E65}.Debug|Any CPU.Build.0 = Debug|Any CPU
		{43F87809-A76E-4429-B342-FBB456CE8E65}.Debug|ARM.ActiveCfg = Debug|Any CPU
		{43F87809-A76E-4429-B342-FBB456CE8E65}.Debug|ARM.Build.0 = Debug|Any CPU
		{43F87809-A76E-4429-B342-FBB456CE8E65}.Debug|iPhone.ActiveCfg = Debug|Any CPU
		{43F87809-A76E-4429-B342-FBB456CE8E65}.Debug|iPhone.Build.0 = Debug|Any CPU
		{43F87809-A76E-4429-B342-FBB456CE8E65}.Debug|iPhoneSimulator.ActiveCfg = Debug|Any CPU
		{43F87809-A76E-4429-B342-FBB456CE8E65}.Debug|iPhoneSimulator.Build.0 = Debug|Any CPU
		{43F87809-A76E-4429-B342-FBB456CE8E65}.Debug|x64.ActiveCfg = Debug|Any CPU
		{43F87809-A76E-4429-B342-FBB456CE8E65}.Debug|x64.Build.0 = Debug|Any CPU
		{43F87809-A76E-4429-B342-FBB456CE8E65}.Debug|x86.ActiveCfg = Debug|Any CPU
		{43F87809-A76E-4429-B342-FBB456CE8E65}.Debug|x86.Build.0 = Debug|Any CPU
		{43F87809-A76E-4429-B342-FBB456CE8E65}.Release|Any CPU.ActiveCfg = Release|Any CPU
		{43F87809-A76E-4429-B342-FBB456CE8E65}.Release|Any CPU.Build.0 = Release|Any CPU
		{43F87809-A76E-4429-B342-FBB456CE8E65}.Release|ARM.ActiveCfg = Release|Any CPU
		{43F87809-A76E-4429-B342-FBB456CE8E65}.Release|ARM.Build.0 = Release|Any CPU
		{43F87809-A76E-4429-B342-FBB456CE8E65}.Release|iPhone.ActiveCfg = Release|Any CPU
		{43F87809-A76E-4429-B342-FBB456CE8E65}.Release|iPhone.Build.0 = Release|Any CPU
		{43F87809-A76E-4429-B342-FBB456CE8E65}.Release|iPhoneSimulator.ActiveCfg = Release|Any CPU
		{43F87809-A76E-4429-B342-FBB456CE8E65}.Release|iPhoneSimulator.Build.0 = Release|Any CPU
		{43F87809-A76E-4429-B342-FBB456CE8E65}.Release|x64.ActiveCfg = Release|Any CPU
		{43F87809-A76E-4429-B342-FBB456CE8E65}.Release|x64.Build.0 = Release|Any CPU
		{43F87809-A76E-4429-B342-FBB456CE8E65}.Release|x86.ActiveCfg = Release|Any CPU
		{43F87809-A76E-4429-B342-FBB456CE8E65}.Release|x86.Build.0 = Release|Any CPU
	EndGlobalSection
	GlobalSection(SolutionProperties) = preSolution
		HideSolutionNode = FALSE
	EndGlobalSection
	GlobalSection(NestedProjects) = preSolution
		{EDE236F2-D2A6-4B03-AF1E-B31F898E6374} = {63698DB8-8DBA-4BC5-A847-4E9DB37DF8F0}
		{273475C5-A204-4143-8DBC-9777A17CF045} = {63698DB8-8DBA-4BC5-A847-4E9DB37DF8F0}
		{C68DAAA6-38A4-4351-A728-277A027DBD47} = {63698DB8-8DBA-4BC5-A847-4E9DB37DF8F0}
		{1F6B532A-7E1B-4C9B-A72D-044FBBEDD61C} = {63698DB8-8DBA-4BC5-A847-4E9DB37DF8F0}
		{177EDBC3-718C-4416-B205-0CEE33EB6205} = {63698DB8-8DBA-4BC5-A847-4E9DB37DF8F0}
		{71CC9C28-22B4-41BD-9F3A-879211B73520} = {63698DB8-8DBA-4BC5-A847-4E9DB37DF8F0}
	EndGlobalSection
EndGlobal
